# THIS IS AN AUTOGENERATED FILE. DO NOT EDIT THIS FILE DIRECTLY.
# yarn lockfile v1


"@clerk/themes@^2.1.8":
  version "2.1.8"
  resolved "https://registry.yarnpkg.com/@clerk/themes/-/themes-2.1.8.tgz#45d6232d9180c487e597f4eb868a4274b2981ad2"
  integrity sha512-fSKfhT2TKnvkJ71tNtu/CYZ1y9os7C5k87akIXrcm2oNu4W7wyWIjRdk4YGRm/kQ2ZsFvmUiQQdp4pz3jutWoA==
  dependencies:
    "@clerk/types" "4.5.1"
    tslib "2.4.1"

"@clerk/types@4.5.1":
  version "4.5.1"
  resolved "https://registry.yarnpkg.com/@clerk/types/-/types-4.5.1.tgz#e1b8332be5cd6832aaec9d44eff70b319846fb01"
  integrity sha512-eLaH+IKnxgjGQhRZ5rhZA9pQszSKbtSZE5V6c3a/F2crlkYIFABrVdf1q6p5bSAEmcYdcV4u4kaEFZ5UpYNcOw==
  dependencies:
    csstype "3.1.1"

csstype@3.1.1:
  version "3.1.1"
  resolved "https://registry.yarnpkg.com/csstype/-/csstype-3.1.1.tgz#841b532c45c758ee546a11d5bd7b7b473c8c30b9"
  integrity sha512-DJR/VvkAvSZW9bTouZue2sSxDwdTN92uHjqeKVm+0dAqdfNykRzQ95tay8aXMBAAPpUiq4Qcug2L7neoRh2Egw==

tslib@2.4.1:
  version "2.4.1"
  resolved "https://registry.yarnpkg.com/tslib/-/tslib-2.4.1.tgz#0d0bfbaac2880b91e22df0768e55be9753a5b17e"
  integrity sha512-tGyy4dAjRIEwI7BzsB0lynWgOpfqjUdq91XXAlIWD2OwKBH7oCl/GZG/HT4BOHrTlPMOASlMQ7veyTqpmRcrNA==
